// !$*UTF8*$!
{
	archiveVersion = 1;
	classes = {
	};
	objectVersion = 56;
	objects = {

/* Begin PBXBuildFile section */
		0A4AB68F4E394BB55A75C921 /* VoiceCommand.swift in Sources */ = {isa = PBXBuildFile; fileRef = 39F4409723D5F0C661E52DD5 /* VoiceCommand.swift */; };
		0FBD26226E72D8C46C78DF4B /* PlanetTag.swift in Sources */ = {isa = PBXBuildFile; fileRef = 59F0D54B48B4C6BFF003BABD /* PlanetTag.swift */; };
		1FCEC97AA6B4A9FD838E2332 /* ARExperienceStore.swift in Sources */ = {isa = PBXBuildFile; fileRef = AA8C0F53AB3B070FEFE31CA2 /* ARExperienceStore.swift */; };
		29B701B40824951B984AC577 /* ARSolarSystemScreen.swift in Sources */ = {isa = PBXBuildFile; fileRef = 45AF6CC3E29DDA7286D1EE23 /* ARSolarSystemScreen.swift */; };
		43D3CCA384674F06903A340D /* ARContainerView.swift in Sources */ = {isa = PBXBuildFile; fileRef = B37965A8D18D13648F951DC1 /* ARContainerView.swift */; };
		63840F4D290EF56200A6659A /* _D_SolarSystemApp.swift in Sources */ = {isa = PBXBuildFile; fileRef = 63840F4C290EF56200A6659A /* _D_SolarSystemApp.swift */; };
		63840F51290EF56400A6659A /* Assets.xcassets in Resources */ = {isa = PBXBuildFile; fileRef = 63840F50290EF56400A6659A /* Assets.xcassets */; };
		63840F54290EF56400A6659A /* Preview Assets.xcassets in Resources */ = {isa = PBXBuildFile; fileRef = 63840F53290EF56400A6659A /* Preview Assets.xcassets */; };
		63840F68290EF56500A6659A /* _D_SolarSystemUITests.swift in Sources */ = {isa = PBXBuildFile; fileRef = 63840F67290EF56500A6659A /* _D_SolarSystemUITests.swift */; };
		63840F6A290EF56500A6659A /* _D_SolarSystemUITestsLaunchTests.swift in Sources */ = {isa = PBXBuildFile; fileRef = 63840F69290EF56500A6659A /* _D_SolarSystemUITestsLaunchTests.swift */; };
		63BE6F64DCD9A3B96D172180 /* SeededGeneratorTests.swift in Sources */ = {isa = PBXBuildFile; fileRef = 0F18FA421FB84A54F9B385BD /* SeededGeneratorTests.swift */; };
		64CBE15365606A2688173329 /* PlanetModel3DView.swift in Sources */ = {isa = PBXBuildFile; fileRef = E0203AD2A6DAC0A266950E2E /* PlanetModel3DView.swift */; };
		694767C6DF14E6258989242A /* AmbientAudioStore.swift in Sources */ = {isa = PBXBuildFile; fileRef = E9BB339F505ABDCA7087694D /* AmbientAudioStore.swift */; };
		73133B6C2FF361C8007E6CDD /* Planet.swift in Sources */ = {isa = PBXBuildFile; fileRef = 73133B6B2FF361C8007E6CDD /* Planet.swift */; };
		73133B6E2FF361CD007E6CDD /* AgeBracket.swift in Sources */ = {isa = PBXBuildFile; fileRef = 73133B6D2FF361CD007E6CDD /* AgeBracket.swift */; };
		73133B702FF361D8007E6CDD /* OrbitMath.swift in Sources */ = {isa = PBXBuildFile; fileRef = 73133B6F2FF361D8007E6CDD /* OrbitMath.swift */; };
		73133B722FF361E1007E6CDD /* PlanetRepository.swift in Sources */ = {isa = PBXBuildFile; fileRef = 73133B712FF361E1007E6CDD /* PlanetRepository.swift */; };
		73133B742FF361E7007E6CDD /* Theme.swift in Sources */ = {isa = PBXBuildFile; fileRef = 73133B732FF361E7007E6CDD /* Theme.swift */; };
		73133B762FF361EC007E6CDD /* GlassEffects.swift in Sources */ = {isa = PBXBuildFile; fileRef = 73133B752FF361EC007E6CDD /* GlassEffects.swift */; };
		73133B782FF361F0007E6CDD /* Planet+Display.swift in Sources */ = {isa = PBXBuildFile; fileRef = 73133B772FF361F0007E6CDD /* Planet+Display.swift */; };
		73133B7A2FF36200007E6CDD /* SolarSystemModel.swift in Sources */ = {isa = PBXBuildFile; fileRef = 73133B792FF36200007E6CDD /* SolarSystemModel.swift */; };
		73133B7C2FF36202007E6CDD /* AppRouter.swift in Sources */ = {isa = PBXBuildFile; fileRef = 73133B7B2FF36202007E6CDD /* AppRouter.swift */; };
		73133B7E2FF3620B007E6CDD /* SeededGenerator.swift in Sources */ = {isa = PBXBuildFile; fileRef = 73133B7D2FF3620B007E6CDD /* SeededGenerator.swift */; };
		73133B802FF3620E007E6CDD /* PlaceholderViews.swift in Sources */ = {isa = PBXBuildFile; fileRef = 73133B7F2FF3620E007E6CDD /* PlaceholderViews.swift */; };
		73133B822FF36218007E6CDD /* StarFieldView.swift in Sources */ = {isa = PBXBuildFile; fileRef = 73133B812FF36218007E6CDD /* StarFieldView.swift */; };
		73133B842FF36222007E6CDD /* PlanetSprite.swift in Sources */ = {isa = PBXBuildFile; fileRef = 73133B832FF36222007E6CDD /* PlanetSprite.swift */; };
		73133B862FF3622D007E6CDD /* OrbitCanvasView.swift in Sources */ = {isa = PBXBuildFile; fileRef = 73133B852FF3622D007E6CDD /* OrbitCanvasView.swift */; };
		73133B882FF3623F007E6CDD /* SolarSystemScreen.swift in Sources */ = {isa = PBXBuildFile; fileRef = 73133B872FF3623F007E6CDD /* SolarSystemScreen.swift */; };
		73133B8A2FF3624E007E6CDD /* PlanetDetailScreen.swift in Sources */ = {isa = PBXBuildFile; fileRef = 73133B892FF3624E007E6CDD /* PlanetDetailScreen.swift */; };
		73133B8E2FF36259007E6CDD /* SolarLenzRootView.swift in Sources */ = {isa = PBXBuildFile; fileRef = 73133B8D2FF36259007E6CDD /* SolarLenzRootView.swift */; };
		7313DE7D2935564100EDF286 /* solar-audio.m4a in Resources */ = {isa = PBXBuildFile; fileRef = 7313DE7C2935564100EDF286 /* solar-audio.m4a */; };
		735F5EB42922BBA90044F892 /* planetary_data.json in Resources */ = {isa = PBXBuildFile; fileRef = 735F5EB32922BBA90044F892 /* planetary_data.json */; };
		735F5EBF29255D480044F892 /* 3d-earth.usdz in Resources */ = {isa = PBXBuildFile; fileRef = 735F5EBE29255D480044F892 /* 3d-earth.usdz */; };
		735F5EDE2925DC070044F892 /* 3d-venus.usdz in Resources */ = {isa = PBXBuildFile; fileRef = 735F5ED62925DC060044F892 /* 3d-venus.usdz */; };
		735F5EDF2925DC070044F892 /* 3d-moon.usdz in Resources */ = {isa = PBXBuildFile; fileRef = 735F5ED72925DC060044F892 /* 3d-moon.usdz */; };
		735F5EE02925DC070044F892 /* 3d-mercury.usdz in Resources */ = {isa = PBXBuildFile; fileRef = 735F5ED82925DC060044F892 /* 3d-mercury.usdz */; };
		735F5EE12925DC070044F892 /* 3d-mars.usdz in Resources */ = {isa = PBXBuildFile; fileRef = 735F5ED92925DC060044F892 /* 3d-mars.usdz */; };
		735F5EE22925DC070044F892 /* 3d-neptune.usdz in Resources */ = {isa = PBXBuildFile; fileRef = 735F5EDA2925DC070044F892 /* 3d-neptune.usdz */; };
		735F5EE32925DC070044F892 /* 3d-uranus.usdz in Resources */ = {isa = PBXBuildFile; fileRef = 735F5EDB2925DC070044F892 /* 3d-uranus.usdz */; };
		735F5EE42925DC070044F892 /* 3d-saturn.usdz in Resources */ = {isa = PBXBuildFile; fileRef = 735F5EDC2925DC070044F892 /* 3d-saturn.usdz */; };
		735F5EE62925DC7E0044F892 /* 3d-jupiter.usdz in Resources */ = {isa = PBXBuildFile; fileRef = 735F5EE52925DC7E0044F892 /* 3d-jupiter.usdz */; };
		73BEB01F29AAAF3E00C46CBA /* a1.png in Resources */ = {isa = PBXBuildFile; fileRef = 73BEB01E29AAAF3E00C46CBA /* a1.png */; };
		73D6400D2926B5BA00D38129 /* 3d-sun.usdz in Resources */ = {isa = PBXBuildFile; fileRef = 73D6400C2926B5BA00D38129 /* 3d-sun.usdz */; };
		75AED741DBF4C7F505F89178 /* PlanetDataTests.swift in Sources */ = {isa = PBXBuildFile; fileRef = FF6624E081E52FEF6CF5862D /* PlanetDataTests.swift */; };
		88D8F058F39FB421E27815E5 /* OrbitMathTests.swift in Sources */ = {isa = PBXBuildFile; fileRef = B61D94DD866598B6CB0253D0 /* OrbitMathTests.swift */; };
		92061CFB1B757BE7370F4FE0 /* PlanetFacts.swift in Sources */ = {isa = PBXBuildFile; fileRef = 70F1ECDD5E9C2A99ABE58AAA /* PlanetFacts.swift */; };
		A6CC1FFC24F52E306B23C2C1 /* VoiceControlStore.swift in Sources */ = {isa = PBXBuildFile; fileRef = AA86961A2C2DEC352409AA2C /* VoiceControlStore.swift */; };
		B4471237FA495279FBCF6B42 /* VoiceCommandTests.swift in Sources */ = {isa = PBXBuildFile; fileRef = E6883D29BA77D73D7E9FAE00 /* VoiceCommandTests.swift */; };
		BFCE7C80794C7FFABB6FA412 /* PreferenceKey.swift in Sources */ = {isa = PBXBuildFile; fileRef = 1DECAE70F46515C3BB22C35A /* PreferenceKey.swift */; };
		CA88BF38D73ED93BA5B394E7 /* planetary_data.json in Resources */ = {isa = PBXBuildFile; fileRef = 735F5EB32922BBA90044F892 /* planetary_data.json */; };
		CB590C3D9B67B41347A4F7EE /* IntentStore.swift in Sources */ = {isa = PBXBuildFile; fileRef = 1FB568725615C88385B724D1 /* IntentStore.swift */; };
		EF36340C97E3E9E2EFDDA635 /* AgeBracketTests.swift in Sources */ = {isa = PBXBuildFile; fileRef = 1B1E496BB57EFAB81F72ED9C /* AgeBracketTests.swift */; };
/* End PBXBuildFile section */

/* Begin PBXContainerItemProxy section */
		63840F5A290EF56500A6659A /* PBXContainerItemProxy */ = {
			isa = PBXContainerItemProxy;
			containerPortal = 63840F41290EF56200A6659A /* Project object */;
			proxyType = 1;
			remoteGlobalIDString = 63840F48290EF56200A6659A;
			remoteInfo = "2D SolarSystem";
		};
		63840F64290EF56500A6659A /* PBXContainerItemProxy */ = {
			isa = PBXContainerItemProxy;
			containerPortal = 63840F41290EF56200A6659A /* Project object */;
			proxyType = 1;
			remoteGlobalIDString = 63840F48290EF56200A6659A;
			remoteInfo = "2D SolarSystem";
		};
/* End PBXContainerItemProxy section */

/* Begin PBXFileReference section */
		0F18FA421FB84A54F9B385BD /* SeededGeneratorTests.swift */ = {isa = PBXFileReference; includeInIndex = 1; lastKnownFileType = sourcecode.swift; path = SeededGeneratorTests.swift; sourceTree = "<group>"; };
		1B1E496BB57EFAB81F72ED9C /* AgeBracketTests.swift */ = {isa = PBXFileReference; includeInIndex = 1; lastKnownFileType = sourcecode.swift; path = AgeBracketTests.swift; sourceTree = "<group>"; };
		1DECAE70F46515C3BB22C35A /* PreferenceKey.swift */ = {isa = PBXFileReference; includeInIndex = 1; lastKnownFileType = sourcecode.swift; path = PreferenceKey.swift; sourceTree = "<group>"; };
		1FB568725615C88385B724D1 /* IntentStore.swift */ = {isa = PBXFileReference; includeInIndex = 1; lastKnownFileType = sourcecode.swift; path = IntentStore.swift; sourceTree = "<group>"; };
		39F4409723D5F0C661E52DD5 /* VoiceCommand.swift */ = {isa = PBXFileReference; includeInIndex = 1; lastKnownFileType = sourcecode.swift; name = VoiceCommand.swift; path = Voice/VoiceCommand.swift; sourceTree = "<group>"; };
		45AF6CC3E29DDA7286D1EE23 /* ARSolarSystemScreen.swift */ = {isa = PBXFileReference; includeInIndex = 1; lastKnownFileType = sourcecode.swift; name = ARSolarSystemScreen.swift; path = AR/ARSolarSystemScreen.swift; sourceTree = "<group>"; };
		59F0D54B48B4C6BFF003BABD /* PlanetTag.swift */ = {isa = PBXFileReference; includeInIndex = 1; lastKnownFileType = sourcecode.swift; name = PlanetTag.swift; path = AR/PlanetTag.swift; sourceTree = "<group>"; };
		63840F49290EF56200A6659A /* 2D SolarSystem.app */ = {isa = PBXFileReference; explicitFileType = wrapper.application; includeInIndex = 0; path = "2D SolarSystem.app"; sourceTree = BUILT_PRODUCTS_DIR; };
		63840F4C290EF56200A6659A /* _D_SolarSystemApp.swift */ = {isa = PBXFileReference; lastKnownFileType = sourcecode.swift; path = _D_SolarSystemApp.swift; sourceTree = "<group>"; };
		63840F50290EF56400A6659A /* Assets.xcassets */ = {isa = PBXFileReference; lastKnownFileType = folder.assetcatalog; path = Assets.xcassets; sourceTree = "<group>"; };
		63840F53290EF56400A6659A /* Preview Assets.xcassets */ = {isa = PBXFileReference; lastKnownFileType = folder.assetcatalog; path = "Preview Assets.xcassets"; sourceTree = "<group>"; };
		63840F59290EF56500A6659A /* 2D SolarSystemTests.xctest */ = {isa = PBXFileReference; explicitFileType = wrapper.cfbundle; includeInIndex = 0; path = "2D SolarSystemTests.xctest"; sourceTree = BUILT_PRODUCTS_DIR; };
		63840F63290EF56500A6659A /* 2D SolarSystemUITests.xctest */ = {isa = PBXFileReference; explicitFileType = wrapper.cfbundle; includeInIndex = 0; path = "2D SolarSystemUITests.xctest"; sourceTree = BUILT_PRODUCTS_DIR; };
		63840F67290EF56500A6659A /* _D_SolarSystemUITests.swift */ = {isa = PBXFileReference; lastKnownFileType = sourcecode.swift; path = _D_SolarSystemUITests.swift; sourceTree = "<group>"; };
		63840F69290EF56500A6659A /* _D_SolarSystemUITestsLaunchTests.swift */ = {isa = PBXFileReference; lastKnownFileType = sourcecode.swift; path = _D_SolarSystemUITestsLaunchTests.swift; sourceTree = "<group>"; };
		70F1ECDD5E9C2A99ABE58AAA /* PlanetFacts.swift */ = {isa = PBXFileReference; includeInIndex = 1; lastKnownFileType = sourcecode.swift; path = PlanetFacts.swift; sourceTree = "<group>"; };
		73133B6B2FF361C8007E6CDD /* Planet.swift */ = {isa = PBXFileReference; lastKnownFileType = sourcecode.swift; path = Planet.swift; sourceTree = "<group>"; };
		73133B6D2FF361CD007E6CDD /* AgeBracket.swift */ = {isa = PBXFileReference; lastKnownFileType = sourcecode.swift; path = AgeBracket.swift; sourceTree = "<group>"; };
		73133B6F2FF361D8007E6CDD /* OrbitMath.swift */ = {isa = PBXFileReference; lastKnownFileType = sourcecode.swift; path = OrbitMath.swift; sourceTree = "<group>"; };
		73133B712FF361E1007E6CDD /* PlanetRepository.swift */ = {isa = PBXFileReference; lastKnownFileType = sourcecode.swift; path = PlanetRepository.swift; sourceTree = "<group>"; };
		73133B732FF361E7007E6CDD /* Theme.swift */ = {isa = PBXFileReference; lastKnownFileType = sourcecode.swift; path = Theme.swift; sourceTree = "<group>"; };
		73133B752FF361EC007E6CDD /* GlassEffects.swift */ = {isa = PBXFileReference; lastKnownFileType = sourcecode.swift; path = GlassEffects.swift; sourceTree = "<group>"; };
		73133B772FF361F0007E6CDD /* Planet+Display.swift */ = {isa = PBXFileReference; lastKnownFileType = sourcecode.swift; path = "Planet+Display.swift"; sourceTree = "<group>"; };
		73133B792FF36200007E6CDD /* SolarSystemModel.swift */ = {isa = PBXFileReference; lastKnownFileType = sourcecode.swift; path = SolarSystemModel.swift; sourceTree = "<group>"; };
		73133B7B2FF36202007E6CDD /* AppRouter.swift */ = {isa = PBXFileReference; lastKnownFileType = sourcecode.swift; path = AppRouter.swift; sourceTree = "<group>"; };
		73133B7D2FF3620B007E6CDD /* SeededGenerator.swift */ = {isa = PBXFileReference; lastKnownFileType = sourcecode.swift; path = SeededGenerator.swift; sourceTree = "<group>"; };
		73133B7F2FF3620E007E6CDD /* PlaceholderViews.swift */ = {isa = PBXFileReference; lastKnownFileType = sourcecode.swift; path = PlaceholderViews.swift; sourceTree = "<group>"; };
		73133B812FF36218007E6CDD /* StarFieldView.swift */ = {isa = PBXFileReference; lastKnownFileType = sourcecode.swift; path = StarFieldView.swift; sourceTree = "<group>"; };
		73133B832FF36222007E6CDD /* PlanetSprite.swift */ = {isa = PBXFileReference; lastKnownFileType = sourcecode.swift; path = PlanetSprite.swift; sourceTree = "<group>"; };
		73133B852FF3622D007E6CDD /* OrbitCanvasView.swift */ = {isa = PBXFileReference; lastKnownFileType = sourcecode.swift; path = OrbitCanvasView.swift; sourceTree = "<group>"; };
		73133B872FF3623F007E6CDD /* SolarSystemScreen.swift */ = {isa = PBXFileReference; lastKnownFileType = sourcecode.swift; path = SolarSystemScreen.swift; sourceTree = "<group>"; };
		73133B892FF3624E007E6CDD /* PlanetDetailScreen.swift */ = {isa = PBXFileReference; lastKnownFileType = sourcecode.swift; path = PlanetDetailScreen.swift; sourceTree = "<group>"; };
		73133B8D2FF36259007E6CDD /* SolarLenzRootView.swift */ = {isa = PBXFileReference; lastKnownFileType = sourcecode.swift; path = SolarLenzRootView.swift; sourceTree = "<group>"; };
		7313DE7C2935564100EDF286 /* solar-audio.m4a */ = {isa = PBXFileReference; lastKnownFileType = file; path = "solar-audio.m4a"; sourceTree = "<group>"; };
		735F5EB32922BBA90044F892 /* planetary_data.json */ = {isa = PBXFileReference; fileEncoding = 4; lastKnownFileType = text.json; path = planetary_data.json; sourceTree = "<group>"; };
		735F5EBE29255D480044F892 /* 3d-earth.usdz */ = {isa = PBXFileReference; lastKnownFileType = file.usdz; path = "3d-earth.usdz"; sourceTree = "<group>"; };
		735F5ED62925DC060044F892 /* 3d-venus.usdz */ = {isa = PBXFileReference; lastKnownFileType = file.usdz; path = "3d-venus.usdz"; sourceTree = "<group>"; };
		735F5ED72925DC060044F892 /* 3d-moon.usdz */ = {isa = PBXFileReference; lastKnownFileType = file.usdz; path = "3d-moon.usdz"; sourceTree = "<group>"; };
		735F5ED82925DC060044F892 /* 3d-mercury.usdz */ = {isa = PBXFileReference; lastKnownFileType = file.usdz; path = "3d-mercury.usdz"; sourceTree = "<group>"; };
		735F5ED92925DC060044F892 /* 3d-mars.usdz */ = {isa = PBXFileReference; lastKnownFileType = file.usdz; path = "3d-mars.usdz"; sourceTree = "<group>"; };
		735F5EDA2925DC070044F892 /* 3d-neptune.usdz */ = {isa = PBXFileReference; lastKnownFileType = file.usdz; path = "3d-neptune.usdz"; sourceTree = "<group>"; };
		735F5EDB2925DC070044F892 /* 3d-uranus.usdz */ = {isa = PBXFileReference; lastKnownFileType = file.usdz; path = "3d-uranus.usdz"; sourceTree = "<group>"; };
		735F5EDC2925DC070044F892 /* 3d-saturn.usdz */ = {isa = PBXFileReference; lastKnownFileType = file.usdz; path = "3d-saturn.usdz"; sourceTree = "<group>"; };
		735F5EE52925DC7E0044F892 /* 3d-jupiter.usdz */ = {isa = PBXFileReference; lastKnownFileType = file.usdz; path = "3d-jupiter.usdz"; sourceTree = "<group>"; };
		73A9ACC4293C513700AE9A00 /* -D-SolarSystem-Info.plist */ = {isa = PBXFileReference; lastKnownFileType = text.plist; path = "-D-SolarSystem-Info.plist"; sourceTree = SOURCE_ROOT; };
		73BEB01E29AAAF3E00C46CBA /* a1.png */ = {isa = PBXFileReference; lastKnownFileType = image.png; path = a1.png; sourceTree = "<group>"; };
		73D6400C2926B5BA00D38129 /* 3d-sun.usdz */ = {isa = PBXFileReference; lastKnownFileType = file.usdz; path = "3d-sun.usdz"; sourceTree = "<group>"; };
		AA86961A2C2DEC352409AA2C /* VoiceControlStore.swift */ = {isa = PBXFileReference; includeInIndex = 1; lastKnownFileType = sourcecode.swift; name = VoiceControlStore.swift; path = Voice/VoiceControlStore.swift; sourceTree = "<group>"; };
		AA8C0F53AB3B070FEFE31CA2 /* ARExperienceStore.swift */ = {isa = PBXFileReference; includeInIndex = 1; lastKnownFileType = sourcecode.swift; name = ARExperienceStore.swift; path = AR/ARExperienceStore.swift; sourceTree = "<group>"; };
		B37965A8D18D13648F951DC1 /* ARContainerView.swift */ = {isa = PBXFileReference; includeInIndex = 1; lastKnownFileType = sourcecode.swift; name = ARContainerView.swift; path = AR/ARContainerView.swift; sourceTree = "<group>"; };
		B61D94DD866598B6CB0253D0 /* OrbitMathTests.swift */ = {isa = PBXFileReference; includeInIndex = 1; lastKnownFileType = sourcecode.swift; path = OrbitMathTests.swift; sourceTree = "<group>"; };
		E0203AD2A6DAC0A266950E2E /* PlanetModel3DView.swift */ = {isa = PBXFileReference; includeInIndex = 1; lastKnownFileType = sourcecode.swift; path = PlanetModel3DView.swift; sourceTree = "<group>"; };
		E6883D29BA77D73D7E9FAE00 /* VoiceCommandTests.swift */ = {isa = PBXFileReference; includeInIndex = 1; lastKnownFileType = sourcecode.swift; path = VoiceCommandTests.swift; sourceTree = "<group>"; };
		E9BB339F505ABDCA7087694D /* AmbientAudioStore.swift */ = {isa = PBXFileReference; includeInIndex = 1; lastKnownFileType = sourcecode.swift; name = AmbientAudioStore.swift; path = Audio/AmbientAudioStore.swift; sourceTree = "<group>"; };
		FF6624E081E52FEF6CF5862D /* PlanetDataTests.swift */ = {isa = PBXFileReference; includeInIndex = 1; lastKnownFileType = sourcecode.swift; path = PlanetDataTests.swift; sourceTree = "<group>"; };
/* End PBXFileReference section */

/* Begin PBXFrameworksBuildPhase section */
		63840F46290EF56200A6659A /* Frameworks */ = {
			isa = PBXFrameworksBuildPhase;
			buildActionMask = 2147483647;
			files = (
			);
			runOnlyForDeploymentPostprocessing = 0;
		};
		63840F56290EF56500A6659A /* Frameworks */ = {
			isa = PBXFrameworksBuildPhase;
			buildActionMask = 2147483647;
			files = (
			);
			runOnlyForDeploymentPostprocessing = 0;
		};
		63840F60290EF56500A6659A /* Frameworks */ = {
			isa = PBXFrameworksBuildPhase;
			buildActionMask = 2147483647;
			files = (
			);
			runOnlyForDeploymentPostprocessing = 0;
		};
/* End PBXFrameworksBuildPhase section */

/* Begin PBXGroup section */
		1380991C03701E8BE97219C0 /* Resources */ = {
			isa = PBXGroup;
			children = (
			);
			name = Resources;
			sourceTree = SOURCE_ROOT;
		};
		43E1B41EFB712D2C93C58693 /* AR */ = {
			isa = PBXGroup;
			children = (
				59F0D54B48B4C6BFF003BABD /* PlanetTag.swift */,
				AA8C0F53AB3B070FEFE31CA2 /* ARExperienceStore.swift */,
				B37965A8D18D13648F951DC1 /* ARContainerView.swift */,
				45AF6CC3E29DDA7286D1EE23 /* ARSolarSystemScreen.swift */,
			);
			name = AR;
			sourceTree = "<group>";
		};
		49D00D51155E9E6A3556AAB8 /* Audio */ = {
			isa = PBXGroup;
			children = (
				E9BB339F505ABDCA7087694D /* AmbientAudioStore.swift */,
			);
			name = Audio;
			sourceTree = "<group>";
		};
		581DD769141CEFEEE02CFE28 /* SolarLenz */ = {
			isa = PBXGroup;
			children = (
				1380991C03701E8BE97219C0 /* Resources */,
			);
			name = SolarLenz;
			sourceTree = "<group>";
		};
		63840F40290EF56200A6659A = {
			isa = PBXGroup;
			children = (
				63840F4B290EF56200A6659A /* 2D SolarSystem */,
				63840F5C290EF56500A6659A /* 2D SolarSystemTests */,
				63840F66290EF56500A6659A /* 2D SolarSystemUITests */,
				63840F4A290EF56200A6659A /* Products */,
				581DD769141CEFEEE02CFE28 /* SolarLenz */,
			);
			sourceTree = "<group>";
		};
		63840F4A290EF56200A6659A /* Products */ = {
			isa = PBXGroup;
			children = (
				63840F49290EF56200A6659A /* 2D SolarSystem.app */,
				63840F59290EF56500A6659A /* 2D SolarSystemTests.xctest */,
				63840F63290EF56500A6659A /* 2D SolarSystemUITests.xctest */,
			);
			name = Products;
			sourceTree = "<group>";
		};
		63840F4B290EF56200A6659A /* 2D SolarSystem */ = {
			isa = PBXGroup;
			children = (
				73A9ACC4293C513700AE9A00 /* -D-SolarSystem-Info.plist */,
				735F5EB22922BB890044F892 /* Persistance */,
				735F5EAE2922A4B00044F892 /* Views */,
				735F5EAC2922A48A0044F892 /* ViewModel */,
				735F5EAF2922A4D60044F892 /* Models */,
				63840F50290EF56400A6659A /* Assets.xcassets */,
				73BEB01E29AAAF3E00C46CBA /* a1.png */,
				63840F52290EF56400A6659A /* Preview Content */,
				73133B612FF361A3007E6CDD /* SolarLenz */,
			);
			path = "2D SolarSystem";
			sourceTree = "<group>";
		};
		63840F52290EF56400A6659A /* Preview Content */ = {
			isa = PBXGroup;
			children = (
				63840F53290EF56400A6659A /* Preview Assets.xcassets */,
			);
			path = "Preview Content";
			sourceTree = "<group>";
		};
		63840F5C290EF56500A6659A /* 2D SolarSystemTests */ = {
			isa = PBXGroup;
			children = (
				B61D94DD866598B6CB0253D0 /* OrbitMathTests.swift */,
				FF6624E081E52FEF6CF5862D /* PlanetDataTests.swift */,
				1B1E496BB57EFAB81F72ED9C /* AgeBracketTests.swift */,
				0F18FA421FB84A54F9B385BD /* SeededGeneratorTests.swift */,
				E6883D29BA77D73D7E9FAE00 /* VoiceCommandTests.swift */,
			);
			path = "2D SolarSystemTests";
			sourceTree = "<group>";
		};
		63840F66290EF56500A6659A /* 2D SolarSystemUITests */ = {
			isa = PBXGroup;
			children = (
				63840F67290EF56500A6659A /* _D_SolarSystemUITests.swift */,
				63840F69290EF56500A6659A /* _D_SolarSystemUITestsLaunchTests.swift */,
			);
			path = "2D SolarSystemUITests";
			sourceTree = "<group>";
		};
		7308F7F8292BCFAE00B3C8E0 /* Background */ = {
			isa = PBXGroup;
			children = (
			);
			path = Background;
			sourceTree = "<group>";
		};
		73133B612FF361A3007E6CDD /* SolarLenz */ = {
			isa = PBXGroup;
			children = (
				73133B622FF361A7007E6CDD /* Domain */,
				73133B632FF361A8007E6CDD /* Data */,
				73133B642FF361A9007E6CDD /* DesignSystem */,
				73133B652FF361A9007E6CDD /* State */,
				73133B662FF361AB007E6CDD /* Features */,
			);
			path = SolarLenz;
			sourceTree = "<group>";
		};
		73133B622FF361A7007E6CDD /* Domain */ = {
			isa = PBXGroup;
			children = (
				73133B6B2FF361C8007E6CDD /* Planet.swift */,
				73133B6D2FF361CD007E6CDD /* AgeBracket.swift */,
				73133B6F2FF361D8007E6CDD /* OrbitMath.swift */,
				70F1ECDD5E9C2A99ABE58AAA /* PlanetFacts.swift */,
			);
			path = Domain;
			sourceTree = "<group>";
		};
		73133B632FF361A8007E6CDD /* Data */ = {
			isa = PBXGroup;
			children = (
				73133B712FF361E1007E6CDD /* PlanetRepository.swift */,
			);
			path = Data;
			sourceTree = "<group>";
		};
		73133B642FF361A9007E6CDD /* DesignSystem */ = {
			isa = PBXGroup;
			children = (
				73133B732FF361E7007E6CDD /* Theme.swift */,
				73133B752FF361EC007E6CDD /* GlassEffects.swift */,
				73133B772FF361F0007E6CDD /* Planet+Display.swift */,
			);
			path = DesignSystem;
			sourceTree = "<group>";
		};
		73133B652FF361A9007E6CDD /* State */ = {
			isa = PBXGroup;
			children = (
				73133B792FF36200007E6CDD /* SolarSystemModel.swift */,
				73133B7B2FF36202007E6CDD /* AppRouter.swift */,
				1FB568725615C88385B724D1 /* IntentStore.swift */,
				1DECAE70F46515C3BB22C35A /* PreferenceKey.swift */,
			);
			path = State;
			sourceTree = "<group>";
		};
		73133B662FF361AB007E6CDD /* Features */ = {
			isa = PBXGroup;
			children = (
				73133B672FF361AF007E6CDD /* SolarSystem */,
				73133B682FF361B1007E6CDD /* PlanetDetail */,
				73133B692FF361B2007E6CDD /* Onboarding */,
				73133B6A2FF361B3007E6CDD /* Shared */,
				73133B8D2FF36259007E6CDD /* SolarLenzRootView.swift */,
				43E1B41EFB712D2C93C58693 /* AR */,
				C5D4D37ED22FCB0DD44285D4 /* Voice */,
				49D00D51155E9E6A3556AAB8 /* Audio */,
			);
			path = Features;
			sourceTree = "<group>";
		};
		73133B672FF361AF007E6CDD /* SolarSystem */ = {
			isa = PBXGroup;
			children = (
				73133B812FF36218007E6CDD /* StarFieldView.swift */,
				73133B832FF36222007E6CDD /* PlanetSprite.swift */,
				73133B852FF3622D007E6CDD /* OrbitCanvasView.swift */,
				73133B872FF3623F007E6CDD /* SolarSystemScreen.swift */,
			);
			path = SolarSystem;
			sourceTree = "<group>";
		};
		73133B682FF361B1007E6CDD /* PlanetDetail */ = {
			isa = PBXGroup;
			children = (
				73133B892FF3624E007E6CDD /* PlanetDetailScreen.swift */,
				E0203AD2A6DAC0A266950E2E /* PlanetModel3DView.swift */,
			);
			path = PlanetDetail;
			sourceTree = "<group>";
		};
		73133B692FF361B2007E6CDD /* Onboarding */ = {
			isa = PBXGroup;
			children = (
			);
			path = Onboarding;
			sourceTree = "<group>";
		};
		73133B6A2FF361B3007E6CDD /* Shared */ = {
			isa = PBXGroup;
			children = (
				73133B7D2FF3620B007E6CDD /* SeededGenerator.swift */,
				73133B7F2FF3620E007E6CDD /* PlaceholderViews.swift */,
			);
			path = Shared;
			sourceTree = "<group>";
		};
		7313DE682932CA1C00EDF286 /* PlanetInformation */ = {
			isa = PBXGroup;
			children = (
			);
			path = PlanetInformation;
			sourceTree = "<group>";
		};
		7313DE732935359700EDF286 /* IO_Models */ = {
			isa = PBXGroup;
			children = (
				7313DE7C2935564100EDF286 /* solar-audio.m4a */,
			);
			path = IO_Models;
			sourceTree = "<group>";
		};
		7313DE74293535A800EDF286 /* PlanetModel */ = {
			isa = PBXGroup;
			children = (
			);
			path = PlanetModel;
			sourceTree = "<group>";
		};
		7313DE8629356F6000EDF286 /* AgeInfo */ = {
			isa = PBXGroup;
			children = (
			);
			path = AgeInfo;
			sourceTree = "<group>";
		};
		7313DE8F2935BF0C00EDF286 /* Commands */ = {
			isa = PBXGroup;
			children = (
			);
			path = Commands;
			sourceTree = "<group>";
		};
		7313DE902935BF1400EDF286 /* Main AR */ = {
			isa = PBXGroup;
			children = (
			);
			path = "Main AR";
			sourceTree = "<group>";
		};
		7313DE952935C89000EDF286 /* Commands */ = {
			isa = PBXGroup;
			children = (
			);
			path = Commands;
			sourceTree = "<group>";
		};
		735F5EAC2922A48A0044F892 /* ViewModel */ = {
			isa = PBXGroup;
			children = (
			);
			path = ViewModel;
			sourceTree = "<group>";
		};
		735F5EAE2922A4B00044F892 /* Views */ = {
			isa = PBXGroup;
			children = (
				735F5EB02922A4E60044F892 /* TopLevel */,
				735F5EBB292558210044F892 /* 3D-Views */,
				735F5EB12922A4F70044F892 /* 2D-Views */,
				7313DE682932CA1C00EDF286 /* PlanetInformation */,
			);
			path = Views;
			sourceTree = "<group>";
		};
		735F5EAF2922A4D60044F892 /* Models */ = {
			isa = PBXGroup;
			children = (
				7313DE74293535A800EDF286 /* PlanetModel */,
				7313DE732935359700EDF286 /* IO_Models */,
				735F5EC029255D520044F892 /* 3D-Models */,
			);
			path = Models;
			sourceTree = "<group>";
		};
		735F5EB02922A4E60044F892 /* TopLevel */ = {
			isa = PBXGroup;
			children = (
				63840F4C290EF56200A6659A /* _D_SolarSystemApp.swift */,
				7313DE8629356F6000EDF286 /* AgeInfo */,
			);
			path = TopLevel;
			sourceTree = "<group>";
		};
		735F5EB12922A4F70044F892 /* 2D-Views */ = {
			isa = PBXGroup;
			children = (
				735F5ECF292590C50044F892 /* 2D-All */,
				735F5ED0292591090044F892 /* 2D-Single */,
				7308F7F8292BCFAE00B3C8E0 /* Background */,
			);
			path = "2D-Views";
			sourceTree = "<group>";
		};
		735F5EB22922BB890044F892 /* Persistance */ = {
			isa = PBXGroup;
			children = (
				735F5EB32922BBA90044F892 /* planetary_data.json */,
			);
			path = Persistance;
			sourceTree = "<group>";
		};
		735F5EBB292558210044F892 /* 3D-Views */ = {
			isa = PBXGroup;
			children = (
				7313DE902935BF1400EDF286 /* Main AR */,
				7313DE8F2935BF0C00EDF286 /* Commands */,
			);
			path = "3D-Views";
			sourceTree = "<group>";
		};
		735F5EC029255D520044F892 /* 3D-Models */ = {
			isa = PBXGroup;
			children = (
				73D6400C2926B5BA00D38129 /* 3d-sun.usdz */,
				735F5ED82925DC060044F892 /* 3d-mercury.usdz */,
				735F5ED62925DC060044F892 /* 3d-venus.usdz */,
				735F5ED72925DC060044F892 /* 3d-moon.usdz */,
				735F5EBE29255D480044F892 /* 3d-earth.usdz */,
				735F5ED92925DC060044F892 /* 3d-mars.usdz */,
				735F5EE52925DC7E0044F892 /* 3d-jupiter.usdz */,
				735F5EDC2925DC070044F892 /* 3d-saturn.usdz */,
				735F5EDB2925DC070044F892 /* 3d-uranus.usdz */,
				735F5EDA2925DC070044F892 /* 3d-neptune.usdz */,
			);
			path = "3D-Models";
			sourceTree = "<group>";
		};
		735F5ECF292590C50044F892 /* 2D-All */ = {
			isa = PBXGroup;
			children = (
				7313DE952935C89000EDF286 /* Commands */,
			);
			path = "2D-All";
			sourceTree = "<group>";
		};
		735F5ED0292591090044F892 /* 2D-Single */ = {
			isa = PBXGroup;
			children = (
			);
			path = "2D-Single";
			sourceTree = "<group>";
		};
		C5D4D37ED22FCB0DD44285D4 /* Voice */ = {
			isa = PBXGroup;
			children = (
				39F4409723D5F0C661E52DD5 /* VoiceCommand.swift */,
				AA86961A2C2DEC352409AA2C /* VoiceControlStore.swift */,
			);
			name = Voice;
			sourceTree = "<group>";
		};
/* End PBXGroup section */

/* Begin PBXNativeTarget section */
		63840F48290EF56200A6659A /* 2D SolarSystem */ = {
			isa = PBXNativeTarget;
			buildConfigurationList = 63840F6D290EF56500A6659A /* Build configuration list for PBXNativeTarget "2D SolarSystem" */;
			buildPhases = (
				63840F45290EF56200A6659A /* Sources */,
				63840F46290EF56200A6659A /* Frameworks */,
				63840F47290EF56200A6659A /* Resources */,
			);
			buildRules = (
			);
			dependencies = (
			);
			name = "2D SolarSystem";
			productName = "2D SolarSystem";
			productReference = 63840F49290EF56200A6659A /* 2D SolarSystem.app */;
			productType = "com.apple.product-type.application";
		};
		63840F58290EF56500A6659A /* 2D SolarSystemTests */ = {
			isa = PBXNativeTarget;
			buildConfigurationList = 63840F70290EF56500A6659A /* Build configuration list for PBXNativeTarget "2D SolarSystemTests" */;
			buildPhases = (
				63840F55290EF56500A6659A /* Sources */,
				63840F56290EF56500A6659A /* Frameworks */,
				63840F57290EF56500A6659A /* Resources */,
			);
			buildRules = (
			);
			dependencies = (
				63840F5B290EF56500A6659A /* PBXTargetDependency */,
			);
			name = "2D SolarSystemTests";
			productName = "2D SolarSystemTests";
			productReference = 63840F59290EF56500A6659A /* 2D SolarSystemTests.xctest */;
			productType = "com.apple.product-type.bundle.unit-test";
		};
		63840F62290EF56500A6659A /* 2D SolarSystemUITests */ = {
			isa = PBXNativeTarget;
			buildConfigurationList = 63840F73290EF56500A6659A /* Build configuration list for PBXNativeTarget "2D SolarSystemUITests" */;
			buildPhases = (
				63840F5F290EF56500A6659A /* Sources */,
				63840F60290EF56500A6659A /* Frameworks */,
				63840F61290EF56500A6659A /* Resources */,
			);
			buildRules = (
			);
			dependencies = (
				63840F65290EF56500A6659A /* PBXTargetDependency */,
			);
			name = "2D SolarSystemUITests";
			productName = "2D SolarSystemUITests";
			productReference = 63840F63290EF56500A6659A /* 2D SolarSystemUITests.xctest */;
			productType = "com.apple.product-type.bundle.ui-testing";
		};
/* End PBXNativeTarget section */

/* Begin PBXProject section */
		63840F41290EF56200A6659A /* Project object */ = {
			isa = PBXProject;
			attributes = {
				BuildIndependentTargetsInParallel = 1;
				LastSwiftUpdateCheck = 1400;
				LastUpgradeCheck = 1400;
				TargetAttributes = {
					63840F48290EF56200A6659A = {
						CreatedOnToolsVersion = 14.0.1;
					};
					63840F58290EF56500A6659A = {
						CreatedOnToolsVersion = 14.0.1;
						TestTargetID = 63840F48290EF56200A6659A;
					};
					63840F62290EF56500A6659A = {
						CreatedOnToolsVersion = 14.0.1;
						TestTargetID = 63840F48290EF56200A6659A;
					};
				};
			};
			buildConfigurationList = 63840F44290EF56200A6659A /* Build configuration list for PBXProject "2D SolarSystem" */;
			compatibilityVersion = "Xcode 14.0";
			developmentRegion = en;
			hasScannedForEncodings = 0;
			knownRegions = (
				en,
				Base,
			);
			mainGroup = 63840F40290EF56200A6659A;
			productRefGroup = 63840F4A290EF56200A6659A /* Products */;
			projectDirPath = "";
			projectRoot = "";
			targets = (
				63840F48290EF56200A6659A /* 2D SolarSystem */,
				63840F58290EF56500A6659A /* 2D SolarSystemTests */,
				63840F62290EF56500A6659A /* 2D SolarSystemUITests */,
			);
		};
/* End PBXProject section */

/* Begin PBXResourcesBuildPhase section */
		63840F47290EF56200A6659A /* Resources */ = {
			isa = PBXResourcesBuildPhase;
			buildActionMask = 2147483647;
			files = (
				735F5EE32925DC070044F892 /* 3d-uranus.usdz in Resources */,
				63840F54290EF56400A6659A /* Preview Assets.xcassets in Resources */,
				735F5EB42922BBA90044F892 /* planetary_data.json in Resources */,
				735F5EE22925DC070044F892 /* 3d-neptune.usdz in Resources */,
				735F5EBF29255D480044F892 /* 3d-earth.usdz in Resources */,
				73D6400D2926B5BA00D38129 /* 3d-sun.usdz in Resources */,
				735F5EDF2925DC070044F892 /* 3d-moon.usdz in Resources */,
				735F5EE42925DC070044F892 /* 3d-saturn.usdz in Resources */,
				735F5EE62925DC7E0044F892 /* 3d-jupiter.usdz in Resources */,
				735F5EDE2925DC070044F892 /* 3d-venus.usdz in Resources */,
				73BEB01F29AAAF3E00C46CBA /* a1.png in Resources */,
				735F5EE02925DC070044F892 /* 3d-mercury.usdz in Resources */,
				735F5EE12925DC070044F892 /* 3d-mars.usdz in Resources */,
				63840F51290EF56400A6659A /* Assets.xcassets in Resources */,
				7313DE7D2935564100EDF286 /* solar-audio.m4a in Resources */,
			);
			runOnlyForDeploymentPostprocessing = 0;
		};
		63840F57290EF56500A6659A /* Resources */ = {
			isa = PBXResourcesBuildPhase;
			buildActionMask = 2147483647;
			files = (
				CA88BF38D73ED93BA5B394E7 /* planetary_data.json in Resources */,
			);
			runOnlyForDeploymentPostprocessing = 0;
		};
		63840F61290EF56500A6659A /* Resources */ = {
			isa = PBXResourcesBuildPhase;
			buildActionMask = 2147483647;
			files = (
			);
			runOnlyForDeploymentPostprocessing = 0;
		};
/* End PBXResourcesBuildPhase section */

/* Begin PBXSourcesBuildPhase section */
		63840F45290EF56200A6659A /* Sources */ = {
			isa = PBXSourcesBuildPhase;
			buildActionMask = 2147483647;
			files = (
				73133B882FF3623F007E6CDD /* SolarSystemScreen.swift in Sources */,
				73133B822FF36218007E6CDD /* StarFieldView.swift in Sources */,
				73133B8E2FF36259007E6CDD /* SolarLenzRootView.swift in Sources */,
				73133B6C2FF361C8007E6CDD /* Planet.swift in Sources */,
				63840F4D290EF56200A6659A /* _D_SolarSystemApp.swift in Sources */,
				73133B722FF361E1007E6CDD /* PlanetRepository.swift in Sources */,
				73133B802FF3620E007E6CDD /* PlaceholderViews.swift in Sources */,
				73133B6E2FF361CD007E6CDD /* AgeBracket.swift in Sources */,
				73133B782FF361F0007E6CDD /* Planet+Display.swift in Sources */,
				73133B862FF3622D007E6CDD /* OrbitCanvasView.swift in Sources */,
				73133B7C2FF36202007E6CDD /* AppRouter.swift in Sources */,
				73133B742FF361E7007E6CDD /* Theme.swift in Sources */,
				73133B702FF361D8007E6CDD /* OrbitMath.swift in Sources */,
				73133B7A2FF36200007E6CDD /* SolarSystemModel.swift in Sources */,
				73133B8A2FF3624E007E6CDD /* PlanetDetailScreen.swift in Sources */,
				73133B762FF361EC007E6CDD /* GlassEffects.swift in Sources */,
				73133B7E2FF3620B007E6CDD /* SeededGenerator.swift in Sources */,
				73133B842FF36222007E6CDD /* PlanetSprite.swift in Sources */,
				CB590C3D9B67B41347A4F7EE /* IntentStore.swift in Sources */,
				BFCE7C80794C7FFABB6FA412 /* PreferenceKey.swift in Sources */,
				0FBD26226E72D8C46C78DF4B /* PlanetTag.swift in Sources */,
				1FCEC97AA6B4A9FD838E2332 /* ARExperienceStore.swift in Sources */,
				43D3CCA384674F06903A340D /* ARContainerView.swift in Sources */,
				29B701B40824951B984AC577 /* ARSolarSystemScreen.swift in Sources */,
				0A4AB68F4E394BB55A75C921 /* VoiceCommand.swift in Sources */,
				A6CC1FFC24F52E306B23C2C1 /* VoiceControlStore.swift in Sources */,
				694767C6DF14E6258989242A /* AmbientAudioStore.swift in Sources */,
				64CBE15365606A2688173329 /* PlanetModel3DView.swift in Sources */,
				92061CFB1B757BE7370F4FE0 /* PlanetFacts.swift in Sources */,
			);
			runOnlyForDeploymentPostprocessing = 0;
		};
		63840F55290EF56500A6659A /* Sources */ = {
			isa = PBXSourcesBuildPhase;
			buildActionMask = 2147483647;
			files = (
				88D8F058F39FB421E27815E5 /* OrbitMathTests.swift in Sources */,
				75AED741DBF4C7F505F89178 /* PlanetDataTests.swift in Sources */,
				EF36340C97E3E9E2EFDDA635 /* AgeBracketTests.swift in Sources */,
				63BE6F64DCD9A3B96D172180 /* SeededGeneratorTests.swift in Sources */,
				B4471237FA495279FBCF6B42 /* VoiceCommandTests.swift in Sources */,
			);
			runOnlyForDeploymentPostprocessing = 0;
		};
		63840F5F290EF56500A6659A /* Sources */ = {
			isa = PBXSourcesBuildPhase;
			buildActionMask = 2147483647;
			files = (
				63840F6A290EF56500A6659A /* _D_SolarSystemUITestsLaunchTests.swift in Sources */,
				63840F68290EF56500A6659A /* _D_SolarSystemUITests.swift in Sources */,
			);
			runOnlyForDeploymentPostprocessing = 0;
		};
/* End PBXSourcesBuildPhase section */

/* Begin PBXTargetDependency section */
		63840F5B290EF56500A6659A /* PBXTargetDependency */ = {
			isa = PBXTargetDependency;
			target = 63840F48290EF56200A6659A /* 2D SolarSystem */;
			targetProxy = 63840F5A290EF56500A6659A /* PBXContainerItemProxy */;
		};
		63840F65290EF56500A6659A /* PBXTargetDependency */ = {
			isa = PBXTargetDependency;
			target = 63840F48290EF56200A6659A /* 2D SolarSystem */;
			targetProxy = 63840F64290EF56500A6659A /* PBXContainerItemProxy */;
		};
/* End PBXTargetDependency section */

/* Begin XCBuildConfiguration section */
		63840F6B290EF56500A6659A /* Debug */ = {
			isa = XCBuildConfiguration;
			buildSettings = {
				ALWAYS_SEARCH_USER_PATHS = NO;
				CLANG_ANALYZER_NONNULL = YES;
				CLANG_ANALYZER_NUMBER_OBJECT_CONVERSION = YES_AGGRESSIVE;
				CLANG_CXX_LANGUAGE_STANDARD = "gnu++20";
				CLANG_ENABLE_MODULES = YES;
				CLANG_ENABLE_OBJC_ARC = YES;
				CLANG_ENABLE_OBJC_WEAK = YES;
				CLANG_WARN_BLOCK_CAPTURE_AUTORELEASING = YES;
				CLANG_WARN_BOOL_CONVERSION = YES;
				CLANG_WARN_COMMA = YES;
				CLANG_WARN_CONSTANT_CONVERSION = YES;
				CLANG_WARN_DEPRECATED_OBJC_IMPLEMENTATIONS = YES;
				CLANG_WARN_DIRECT_OBJC_ISA_USAGE = YES_ERROR;
				CLANG_WARN_DOCUMENTATION_COMMENTS = YES;
				CLANG_WARN_EMPTY_BODY = YES;
				CLANG_WARN_ENUM_CONVERSION = YES;
				CLANG_WARN_INFINITE_RECURSION = YES;
				CLANG_WARN_INT_CONVERSION = YES;
				CLANG_WARN_NON_LITERAL_NULL_CONVERSION = YES;
				CLANG_WARN_OBJC_IMPLICIT_RETAIN_SELF = YES;
				CLANG_WARN_OBJC_LITERAL_CONVERSION = YES;
				CLANG_WARN_OBJC_ROOT_CLASS = YES_ERROR;
				CLANG_WARN_QUOTED_INCLUDE_IN_FRAMEWORK_HEADER = YES;
				CLANG_WARN_RANGE_LOOP_ANALYSIS = YES;
				CLANG_WARN_STRICT_PROTOTYPES = YES;
				CLANG_WARN_SUSPICIOUS_MOVE = YES;
				CLANG_WARN_UNGUARDED_AVAILABILITY = YES_AGGRESSIVE;
				CLANG_WARN_UNREACHABLE_CODE = YES;
				CLANG_WARN__DUPLICATE_METHOD_MATCH = YES;
				COPY_PHASE_STRIP = NO;
				DEBUG_INFORMATION_FORMAT = dwarf;
				ENABLE_STRICT_OBJC_MSGSEND = YES;
				ENABLE_TESTABILITY = YES;
				GCC_C_LANGUAGE_STANDARD = gnu11;
				GCC_DYNAMIC_NO_PIC = NO;
				GCC_NO_COMMON_BLOCKS = YES;
				GCC_OPTIMIZATION_LEVEL = 0;
				GCC_PREPROCESSOR_DEFINITIONS = (
					"DEBUG=1",
					"$(inherited)",
				);
				GCC_WARN_64_TO_32_BIT_CONVERSION = YES;
				GCC_WARN_ABOUT_RETURN_TYPE = YES_ERROR;
				GCC_WARN_UNDECLARED_SELECTOR = YES;
				GCC_WARN_UNINITIALIZED_AUTOS = YES_AGGRESSIVE;
				GCC_WARN_UNUSED_FUNCTION = YES;
				GCC_WARN_UNUSED_VARIABLE = YES;
				IPHONEOS_DEPLOYMENT_TARGET = 18.0;
				MTL_ENABLE_DEBUG_INFO = INCLUDE_SOURCE;
				MTL_FAST_MATH = YES;
				ONLY_ACTIVE_ARCH = YES;
				SDKROOT = iphoneos;
				SWIFT_ACTIVE_COMPILATION_CONDITIONS = DEBUG;
				SWIFT_OPTIMIZATION_LEVEL = "-Onone";
			};
			name = Debug;
		};
		63840F6C290EF56500A6659A /* Release */ = {
			isa = XCBuildConfiguration;
			buildSettings = {
				ALWAYS_SEARCH_USER_PATHS = NO;
				CLANG_ANALYZER_NONNULL = YES;
				CLANG_ANALYZER_NUMBER_OBJECT_CONVERSION = YES_AGGRESSIVE;
				CLANG_CXX_LANGUAGE_STANDARD = "gnu++20";
				CLANG_ENABLE_MODULES = YES;
				CLANG_ENABLE_OBJC_ARC = YES;
				CLANG_ENABLE_OBJC_WEAK = YES;
				CLANG_WARN_BLOCK_CAPTURE_AUTORELEASING = YES;
				CLANG_WARN_BOOL_CONVERSION = YES;
				CLANG_WARN_COMMA = YES;
				CLANG_WARN_CONSTANT_CONVERSION = YES;
				CLANG_WARN_DEPRECATED_OBJC_IMPLEMENTATIONS = YES;
				CLANG_WARN_DIRECT_OBJC_ISA_USAGE = YES_ERROR;
				CLANG_WARN_DOCUMENTATION_COMMENTS = YES;
				CLANG_WARN_EMPTY_BODY = YES;
				CLANG_WARN_ENUM_CONVERSION = YES;
				CLANG_WARN_INFINITE_RECURSION = YES;
				CLANG_WARN_INT_CONVERSION = YES;
				CLANG_WARN_NON_LITERAL_NULL_CONVERSION = YES;
				CLANG_WARN_OBJC_IMPLICIT_RETAIN_SELF = YES;
				CLANG_WARN_OBJC_LITERAL_CONVERSION = YES;
				CLANG_WARN_OBJC_ROOT_CLASS = YES_ERROR;
				CLANG_WARN_QUOTED_INCLUDE_IN_FRAMEWORK_HEADER = YES;
				CLANG_WARN_RANGE_LOOP_ANALYSIS = YES;
				CLANG_WARN_STRICT_PROTOTYPES = YES;
				CLANG_WARN_SUSPICIOUS_MOVE = YES;
				CLANG_WARN_UNGUARDED_AVAILABILITY = YES_AGGRESSIVE;
				CLANG_WARN_UNREACHABLE_CODE = YES;
				CLANG_WARN__DUPLICATE_METHOD_MATCH = YES;
				COPY_PHASE_STRIP = NO;
				DEBUG_INFORMATION_FORMAT = "dwarf-with-dsym";
				ENABLE_NS_ASSERTIONS = NO;
				ENABLE_STRICT_OBJC_MSGSEND = YES;
				GCC_C_LANGUAGE_STANDARD = gnu11;
				GCC_NO_COMMON_BLOCKS = YES;
				GCC_WARN_64_TO_32_BIT_CONVERSION = YES;
				GCC_WARN_ABOUT_RETURN_TYPE = YES_ERROR;
				GCC_WARN_UNDECLARED_SELECTOR = YES;
				GCC_WARN_UNINITIALIZED_AUTOS = YES_AGGRESSIVE;
				GCC_WARN_UNUSED_FUNCTION = YES;
				GCC_WARN_UNUSED_VARIABLE = YES;
				IPHONEOS_DEPLOYMENT_TARGET = 18.0;
				MTL_ENABLE_DEBUG_INFO = NO;
				MTL_FAST_MATH = YES;
				SDKROOT = iphoneos;
				SWIFT_COMPILATION_MODE = wholemodule;
				SWIFT_OPTIMIZATION_LEVEL = "-O";
				VALIDATE_PRODUCT = YES;
			};
			name = Release;
		};
		63840F6E290EF56500A6659A /* Debug */ = {
			isa = XCBuildConfiguration;
			buildSettings = {
				ASSETCATALOG_COMPILER_APPICON_NAME = AppIcon;
				ASSETCATALOG_COMPILER_GLOBAL_ACCENT_COLOR_NAME = AccentColor;
				CODE_SIGN_STYLE = Automatic;
				CURRENT_PROJECT_VERSION = 1.2;
				DEVELOPMENT_ASSET_PATHS = "\"2D SolarSystem/Preview Content\"";
				DEVELOPMENT_TEAM = A7Z9N924HY;
				ENABLE_PREVIEWS = YES;
				GENERATE_INFOPLIST_FILE = YES;
				INFOPLIST_FILE = "-D-SolarSystem-Info.plist";
				INFOPLIST_KEY_CFBundleDisplayName = SolarLenz;
				INFOPLIST_KEY_NSCameraUsageDescription = "To enable augmented reality, please allow access to the camera.";
				INFOPLIST_KEY_NSMicrophoneUsageDescription = "To enable voice commands please allow access.";
				INFOPLIST_KEY_NSSpeechRecognitionUsageDescription = "To enable voice commands please allow access to the microphone.";
				INFOPLIST_KEY_UIApplicationSceneManifest_Generation = YES;
				INFOPLIST_KEY_UIApplicationSupportsIndirectInputEvents = YES;
				INFOPLIST_KEY_UILaunchScreen_Generation = YES;
				INFOPLIST_KEY_UIRequiresFullScreen = YES;
				INFOPLIST_KEY_UISupportedInterfaceOrientations = "UIInterfaceOrientationPortrait UIInterfaceOrientationPortraitUpsideDown";
				IPHONEOS_DEPLOYMENT_TARGET = 18.0;
				LD_RUNPATH_SEARCH_PATHS = (
					"$(inherited)",
					"@executable_path/Frameworks",
				);
				MARKETING_VERSION = 1.2;
				PRODUCT_BUNDLE_IDENTIFIER = "edu.psu.djr6005.-D-SolarSystem";
				PRODUCT_NAME = "$(TARGET_NAME)";
				SWIFT_EMIT_LOC_STRINGS = YES;
				SWIFT_VERSION = 5.0;
				TARGETED_DEVICE_FAMILY = "1,2";
			};
			name = Debug;
		};
		63840F6F290EF56500A6659A /* Release */ = {
			isa = XCBuildConfiguration;
			buildSettings = {
				ASSETCATALOG_COMPILER_APPICON_NAME = AppIcon;
				ASSETCATALOG_COMPILER_GLOBAL_ACCENT_COLOR_NAME = AccentColor;
				CODE_SIGN_STYLE = Automatic;
				CURRENT_PROJECT_VERSION = 1.2;
				DEVELOPMENT_ASSET_PATHS = "\"2D SolarSystem/Preview Content\"";
				DEVELOPMENT_TEAM = A7Z9N924HY;
				ENABLE_PREVIEWS = YES;
				GENERATE_INFOPLIST_FILE = YES;
				INFOPLIST_FILE = "-D-SolarSystem-Info.plist";
				INFOPLIST_KEY_CFBundleDisplayName = SolarLenz;
				INFOPLIST_KEY_NSCameraUsageDescription = "To enable augmented reality, please allow access to the camera.";
				INFOPLIST_KEY_NSMicrophoneUsageDescription = "To enable voice commands please allow access.";
				INFOPLIST_KEY_NSSpeechRecognitionUsageDescription = "To enable voice commands please allow access to the microphone.";
				INFOPLIST_KEY_UIApplicationSceneManifest_Generation = YES;
				INFOPLIST_KEY_UIApplicationSupportsIndirectInputEvents = YES;
				INFOPLIST_KEY_UILaunchScreen_Generation = YES;
				INFOPLIST_KEY_UIRequiresFullScreen = YES;
				INFOPLIST_KEY_UISupportedInterfaceOrientations = "UIInterfaceOrientationPortrait UIInterfaceOrientationPortraitUpsideDown";
				IPHONEOS_DEPLOYMENT_TARGET = 18.0;
				LD_RUNPATH_SEARCH_PATHS = (
					"$(inherited)",
					"@executable_path/Frameworks",
				);
				MARKETING_VERSION = 1.2;
				PRODUCT_BUNDLE_IDENTIFIER = "edu.psu.djr6005.-D-SolarSystem";
				PRODUCT_NAME = "$(TARGET_NAME)";
				SWIFT_EMIT_LOC_STRINGS = YES;
				SWIFT_VERSION = 5.0;
				TARGETED_DEVICE_FAMILY = "1,2";
			};
			name = Release;
		};
		63840F71290EF56500A6659A /* Debug */ = {
			isa = XCBuildConfiguration;
			buildSettings = {
				ALWAYS_EMBED_SWIFT_STANDARD_LIBRARIES = YES;
				BUNDLE_LOADER = "$(TEST_HOST)";
				CODE_SIGN_STYLE = Automatic;
				CURRENT_PROJECT_VERSION = 1;
				DEVELOPMENT_TEAM = A7Z9N924HY;
				GENERATE_INFOPLIST_FILE = YES;
				IPHONEOS_DEPLOYMENT_TARGET = 18.0;
				MARKETING_VERSION = 1.0;
				PRODUCT_BUNDLE_IDENTIFIER = "edu.psu.djr6005.-D-SolarSystemTests";
				PRODUCT_NAME = "$(TARGET_NAME)";
				SWIFT_EMIT_LOC_STRINGS = NO;
				SWIFT_VERSION = 5.0;
				TARGETED_DEVICE_FAMILY = "1,2";
				TEST_HOST = "$(BUILT_PRODUCTS_DIR)/2D SolarSystem.app/$(BUNDLE_EXECUTABLE_FOLDER_PATH)/2D SolarSystem";
			};
			name = Debug;
		};
		63840F72290EF56500A6659A /* Release */ = {
			isa = XCBuildConfiguration;
			buildSettings = {
				ALWAYS_EMBED_SWIFT_STANDARD_LIBRARIES = YES;
				BUNDLE_LOADER = "$(TEST_HOST)";
				CODE_SIGN_STYLE = Automatic;
				CURRENT_PROJECT_VERSION = 1;
				DEVELOPMENT_TEAM = A7Z9N924HY;
				GENERATE_INFOPLIST_FILE = YES;
				IPHONEOS_DEPLOYMENT_TARGET = 18.0;
				MARKETING_VERSION = 1.0;
				PRODUCT_BUNDLE_IDENTIFIER = "edu.psu.djr6005.-D-SolarSystemTests";
				PRODUCT_NAME = "$(TARGET_NAME)";
				SWIFT_EMIT_LOC_STRINGS = NO;
				SWIFT_VERSION = 5.0;
				TARGETED_DEVICE_FAMILY = "1,2";
				TEST_HOST = "$(BUILT_PRODUCTS_DIR)/2D SolarSystem.app/$(BUNDLE_EXECUTABLE_FOLDER_PATH)/2D SolarSystem";
			};
			name = Release;
		};
		63840F74290EF56500A6659A /* Debug */ = {
			isa = XCBuildConfiguration;
			buildSettings = {
				ALWAYS_EMBED_SWIFT_STANDARD_LIBRARIES = YES;
				CODE_SIGN_STYLE = Automatic;
				CURRENT_PROJECT_VERSION = 1;
				DEVELOPMENT_TEAM = A7Z9N924HY;
				GENERATE_INFOPLIST_FILE = YES;
				MARKETING_VERSION = 1.0;
				PRODUCT_BUNDLE_IDENTIFIER = "edu.psu.djr6005.-D-SolarSystemUITests";
				PRODUCT_NAME = "$(TARGET_NAME)";
				SWIFT_EMIT_LOC_STRINGS = NO;
				SWIFT_VERSION = 5.0;
				TARGETED_DEVICE_FAMILY = "1,2";
				TEST_TARGET_NAME = "2D SolarSystem";
			};
			name = Debug;
		};
		63840F75290EF56500A6659A /* Release */ = {
			isa = XCBuildConfiguration;
			buildSettings = {
				ALWAYS_EMBED_SWIFT_STANDARD_LIBRARIES = YES;
				CODE_SIGN_STYLE = Automatic;
				CURRENT_PROJECT_VERSION = 1;
				DEVELOPMENT_TEAM = A7Z9N924HY;
				GENERATE_INFOPLIST_FILE = YES;
				MARKETING_VERSION = 1.0;
				PRODUCT_BUNDLE_IDENTIFIER = "edu.psu.djr6005.-D-SolarSystemUITests";
				PRODUCT_NAME = "$(TARGET_NAME)";
				SWIFT_EMIT_LOC_STRINGS = NO;
				SWIFT_VERSION = 5.0;
				TARGETED_DEVICE_FAMILY = "1,2";
				TEST_TARGET_NAME = "2D SolarSystem";
			};
			name = Release;
		};
/* End XCBuildConfiguration section */

/* Begin XCConfigurationList section */
		63840F44290EF56200A6659A /* Build configuration list for PBXProject "2D SolarSystem" */ = {
			isa = XCConfigurationList;
			buildConfigurations = (
				63840F6B290EF56500A6659A /* Debug */,
				63840F6C290EF56500A6659A /* Release */,
			);
			defaultConfigurationIsVisible = 0;
			defaultConfigurationName = Release;
		};
		63840F6D290EF56500A6659A /* Build configuration list for PBXNativeTarget "2D SolarSystem" */ = {
			isa = XCConfigurationList;
			buildConfigurations = (
				63840F6E290EF56500A6659A /* Debug */,
				63840F6F290EF56500A6659A /* Release */,
			);
			defaultConfigurationIsVisible = 0;
			defaultConfigurationName = Release;
		};
		63840F70290EF56500A6659A /* Build configuration list for PBXNativeTarget "2D SolarSystemTests" */ = {
			isa = XCConfigurationList;
			buildConfigurations = (
				63840F71290EF56500A6659A /* Debug */,
				63840F72290EF56500A6659A /* Release */,
			);
			defaultConfigurationIsVisible = 0;
			defaultConfigurationName = Release;
		};
		63840F73290EF56500A6659A /* Build configuration list for PBXNativeTarget "2D SolarSystemUITests" */ = {
			isa = XCConfigurationList;
			buildConfigurations = (
				63840F74290EF56500A6659A /* Debug */,
				63840F75290EF56500A6659A /* Release */,
			);
			defaultConfigurationIsVisible = 0;
			defaultConfigurationName = Release;
		};
/* End XCConfigurationList section */
	};
	rootObject = 63840F41290EF56200A6659A /* Project object */;
}
